
Microsoft Visual Studio Solution File, Format Version 12.00
# Visual Studio Version 17
VisualStudioVersion = 17.9.34728.123
MinimumVisualStudioVersion = 10.0.40219.1
Project("{FAE04EC0-301F-11D3-BF4B-00C04F79EFBC}") = "Lista_06", "Lista_06.csproj", "{407038ED-5601-47D3-994C-6869CCA3F701}"
EndProject
Global
	GlobalSection(SolutionConfigurationPlatforms) = preSolution
		Debug|Any CPU = Debug|Any CPU
		Release|Any CPU = Release|Any CPU
	EndGlobalSection
	GlobalSection(ProjectConfigurationPlatforms) = postSolution
		{407038ED-5601-47D3-994C-6869CCA3F701}.Debug|Any CPU.ActiveCfg = Debug|Any CPU
		{407038ED-5601-47D3-994C-6869CCA3F701}.Debug|Any CPU.Build.0 = Debug|Any CPU
		{407038ED-5601-47D3-994C-6869CCA3F701}.Release|Any CPU.ActiveCfg = Release|Any CPU
		{407038ED-5601-47D3-994C-6869CCA3F701}.Release|Any CPU.Build.0 = Release|Any CPU
	EndGlobalSection
	GlobalSection(SolutionProperties) = preSolution
		HideSolutionNode = FALSE
	EndGlobalSection
	GlobalSection(ExtensibilityGlobals) = postSolution
		SolutionGuid = {E2527206-3441-46EA-801F-F2D81DC68CFB}
	EndGlobalSection
EndGlobal
